{
  "name": "entry-point",
  "lockfileVersion": 3,
  "requires": true,
  "packages": {
    "": {
      "dependencies": {
        "@azure/msal-browser": "^3.11.1"
      }
    },
    "node_modules/@azure/msal-browser": {
      "version": "3.11.1",
      "resolved": "https://registry.npmjs.org/@azure/msal-browser/-/msal-browser-3.11.1.tgz",
      "integrity": "sha512-tZFJnP5ZpgkmazSriEDW+Xl3/4WI823uhnYhWCHPkGywFWEZoPA5VkiCK8x4x8ECXp3mGr5qEI82MU43PBiaKA==",
      "dependencies": {
        "@azure/msal-common": "14.8.1"
      },
      "engines": {
        "node": ">=0.8.0"
      }
    },
    "node_modules/@azure/msal-common": {
      "version": "14.8.1",
      "resolved": "https://registry.npmjs.org/@azure/msal-common/-/msal-common-14.8.1.tgz",
      "integrity": "sha512-9HfBMDTIgtFFkils+o6gO/aGEoLLuc4z+QLLfhy/T1bTNPiVsX/9CjaBPMZGnMltN/IlMkU5SGGNggGh55p5xA==",
      "engines": {
        "node": ">=0.8.0"
      }
    }
  }
}
